PODS:
  - Alamofire (5.4.1)
  - Kingfisher (6.2.1)
  - ObjectMapper (4.2.0)
  - Realm (10.7.2):
    - Realm/Headers (= 10.7.2)
  - Realm/Headers (10.7.2)
  - RealmSwift (10.7.2):
    - Realm (= 10.7.2)

DEPENDENCIES:
  - Alamofire
  - Kingfisher
  - ObjectMapper
  - RealmSwift

SPEC REPOS:
  trunk:
    - Alamofire
    - Kingfisher
    - ObjectMapper
    - Realm
    - RealmSwift

SPEC CHECKSUMS:
  Alamofire: 2291f7d21ca607c491dd17642e5d40fdcda0e65c
  Kingfisher: e71c6fac2aebb1262888cabc2cb13d313362a48f
  ObjectMapper: 1eb41f610210777375fa806bf161dc39fb832b81
  Realm: e523da9ade306c5ae87e85dc09fdef148d3e1cc1
  RealmSwift: 4f6758c3adbdcc87f7b7777107226532a077f61c

PODFILE CHECKSUM: 6a2f0041421ff2901c0e6f99946d5d5c55916706

COCOAPODS: 1.10.1
