// !$*UTF8*$!
{
	archiveVersion = 1;
	classes = {
	};
	objectVersion = 51;
	objects = {

/* Begin PBXBuildFile section */
		0C67FD4D6583EC603C7F5A24 /* Pods_GiphyGo.framework in Frameworks */ = {isa = PBXBuildFile; fileRef = F6740D92482929CB34DC825F /* Pods_GiphyGo.framework */; };
		1F2AF1C3261D1E3F00B56C33 /* AppDelegate.swift in Sources */ = {isa = PBXBuildFile; fileRef = 1F2AF1C2261D1E3F00B56C33 /* AppDelegate.swift */; };
		1F2AF1C5261D1E3F00B56C33 /* SceneDelegate.swift in Sources */ = {isa = PBXBuildFile; fileRef = 1F2AF1C4261D1E3F00B56C33 /* SceneDelegate.swift */; };
		1F2AF1C7261D1E3F00B56C33 /* OnBoardingScreenViewController.swift in Sources */ = {isa = PBXBuildFile; fileRef = 1F2AF1C6261D1E3F00B56C33 /* OnBoardingScreenViewController.swift */; };
		1F2AF1CA261D1E3F00B56C33 /* Main.storyboard in Resources */ = {isa = PBXBuildFile; fileRef = 1F2AF1C8261D1E3F00B56C33 /* Main.storyboard */; };
		1F2AF1CC261D1E4100B56C33 /* Assets.xcassets in Resources */ = {isa = PBXBuildFile; fileRef = 1F2AF1CB261D1E4100B56C33 /* Assets.xcassets */; };
		1F2AF1CF261D1E4100B56C33 /* LaunchScreen.storyboard in Resources */ = {isa = PBXBuildFile; fileRef = 1F2AF1CD261D1E4100B56C33 /* LaunchScreen.storyboard */; };
		1F2AF1E7261D24BF00B56C33 /* NetworkManager.swift in Sources */ = {isa = PBXBuildFile; fileRef = 1F2AF1E6261D24BF00B56C33 /* NetworkManager.swift */; };
		1F2AF1EA261D265A00B56C33 /* CountryManager.swift in Sources */ = {isa = PBXBuildFile; fileRef = 1F2AF1E9261D265A00B56C33 /* CountryManager.swift */; };
		1F2AF1F6261D288300B56C33 /* CountryViewController.swift in Sources */ = {isa = PBXBuildFile; fileRef = 1F2AF1F5261D288300B56C33 /* CountryViewController.swift */; };
		1F2AF1F9261D2B3E00B56C33 /* RatingViewController.swift in Sources */ = {isa = PBXBuildFile; fileRef = 1F2AF1F8261D2B3E00B56C33 /* RatingViewController.swift */; };
		1F2AF200261DEE2400B56C33 /* GifCollectionViewCell.swift in Sources */ = {isa = PBXBuildFile; fileRef = 1F2AF1FE261DEE2400B56C33 /* GifCollectionViewCell.swift */; };
		1F2AF201261DEE2400B56C33 /* GifCollectionViewCell.xib in Resources */ = {isa = PBXBuildFile; fileRef = 1F2AF1FF261DEE2400B56C33 /* GifCollectionViewCell.xib */; };
		1F2AF209261DF03B00B56C33 /* GifModel.swift in Sources */ = {isa = PBXBuildFile; fileRef = 1F2AF208261DF03B00B56C33 /* GifModel.swift */; };
		1F2AF20C261DF1EF00B56C33 /* UserModel.swift in Sources */ = {isa = PBXBuildFile; fileRef = 1F2AF20B261DF1EF00B56C33 /* UserModel.swift */; };
		1F2AF210261DF89B00B56C33 /* FeedViewController.swift in Sources */ = {isa = PBXBuildFile; fileRef = 1F2AF20F261DF89B00B56C33 /* FeedViewController.swift */; };
/* End PBXBuildFile section */

/* Begin PBXFileReference section */
		1F2AF1BF261D1E3F00B56C33 /* GiphyGo.app */ = {isa = PBXFileReference; explicitFileType = wrapper.application; includeInIndex = 0; path = GiphyGo.app; sourceTree = BUILT_PRODUCTS_DIR; };
		1F2AF1C2261D1E3F00B56C33 /* AppDelegate.swift */ = {isa = PBXFileReference; lastKnownFileType = sourcecode.swift; path = AppDelegate.swift; sourceTree = "<group>"; };
		1F2AF1C4261D1E3F00B56C33 /* SceneDelegate.swift */ = {isa = PBXFileReference; lastKnownFileType = sourcecode.swift; path = SceneDelegate.swift; sourceTree = "<group>"; };
		1F2AF1C6261D1E3F00B56C33 /* OnBoardingScreenViewController.swift */ = {isa = PBXFileReference; lastKnownFileType = sourcecode.swift; path = OnBoardingScreenViewController.swift; sourceTree = "<group>"; };
		1F2AF1C9261D1E3F00B56C33 /* Base */ = {isa = PBXFileReference; lastKnownFileType = file.storyboard; name = Base; path = Base.lproj/Main.storyboard; sourceTree = "<group>"; };
		1F2AF1CB261D1E4100B56C33 /* Assets.xcassets */ = {isa = PBXFileReference; lastKnownFileType = folder.assetcatalog; path = Assets.xcassets; sourceTree = "<group>"; };
		1F2AF1CE261D1E4100B56C33 /* Base */ = {isa = PBXFileReference; lastKnownFileType = file.storyboard; name = Base; path = Base.lproj/LaunchScreen.storyboard; sourceTree = "<group>"; };
		1F2AF1D0261D1E4100B56C33 /* Info.plist */ = {isa = PBXFileReference; lastKnownFileType = text.plist.xml; path = Info.plist; sourceTree = "<group>"; };
		1F2AF1E6261D24BF00B56C33 /* NetworkManager.swift */ = {isa = PBXFileReference; lastKnownFileType = sourcecode.swift; path = NetworkManager.swift; sourceTree = "<group>"; };
		1F2AF1E9261D265A00B56C33 /* CountryManager.swift */ = {isa = PBXFileReference; lastKnownFileType = sourcecode.swift; path = CountryManager.swift; sourceTree = "<group>"; };
		1F2AF1F5261D288300B56C33 /* CountryViewController.swift */ = {isa = PBXFileReference; lastKnownFileType = sourcecode.swift; path = CountryViewController.swift; sourceTree = "<group>"; };
		1F2AF1F8261D2B3E00B56C33 /* RatingViewController.swift */ = {isa = PBXFileReference; lastKnownFileType = sourcecode.swift; path = RatingViewController.swift; sourceTree = "<group>"; };
		1F2AF1FE261DEE2400B56C33 /* GifCollectionViewCell.swift */ = {isa = PBXFileReference; lastKnownFileType = sourcecode.swift; path = GifCollectionViewCell.swift; sourceTree = "<group>"; };
		1F2AF1FF261DEE2400B56C33 /* GifCollectionViewCell.xib */ = {isa = PBXFileReference; lastKnownFileType = file.xib; path = GifCollectionViewCell.xib; sourceTree = "<group>"; };
		1F2AF208261DF03B00B56C33 /* GifModel.swift */ = {isa = PBXFileReference; lastKnownFileType = sourcecode.swift; path = GifModel.swift; sourceTree = "<group>"; };
		1F2AF20B261DF1EF00B56C33 /* UserModel.swift */ = {isa = PBXFileReference; lastKnownFileType = sourcecode.swift; path = UserModel.swift; sourceTree = "<group>"; };
		1F2AF20F261DF89B00B56C33 /* FeedViewController.swift */ = {isa = PBXFileReference; lastKnownFileType = sourcecode.swift; path = FeedViewController.swift; sourceTree = "<group>"; };
		2ABA634B651E3F4D68FB8E24 /* Pods-GiphyGo.debug.xcconfig */ = {isa = PBXFileReference; includeInIndex = 1; lastKnownFileType = text.xcconfig; name = "Pods-GiphyGo.debug.xcconfig"; path = "Target Support Files/Pods-GiphyGo/Pods-GiphyGo.debug.xcconfig"; sourceTree = "<group>"; };
		44E3FD91098F7B92E76E1A13 /* Pods-GiphyGo.release.xcconfig */ = {isa = PBXFileReference; includeInIndex = 1; lastKnownFileType = text.xcconfig; name = "Pods-GiphyGo.release.xcconfig"; path = "Target Support Files/Pods-GiphyGo/Pods-GiphyGo.release.xcconfig"; sourceTree = "<group>"; };
		F6740D92482929CB34DC825F /* Pods_GiphyGo.framework */ = {isa = PBXFileReference; explicitFileType = wrapper.framework; includeInIndex = 0; path = Pods_GiphyGo.framework; sourceTree = BUILT_PRODUCTS_DIR; };
/* End PBXFileReference section */

/* Begin PBXFrameworksBuildPhase section */
		1F2AF1BC261D1E3F00B56C33 /* Frameworks */ = {
			isa = PBXFrameworksBuildPhase;
			buildActionMask = 2147483647;
			files = (
				0C67FD4D6583EC603C7F5A24 /* Pods_GiphyGo.framework in Frameworks */,
			);
			runOnlyForDeploymentPostprocessing = 0;
		};
/* End PBXFrameworksBuildPhase section */

/* Begin PBXGroup section */
		1F2AF1B6261D1E3F00B56C33 = {
			isa = PBXGroup;
			children = (
				1F2AF1C1261D1E3F00B56C33 /* GiphyGo */,
				1F2AF1C0261D1E3F00B56C33 /* Products */,
				7D357C19A91B909A3EB6CFF8 /* Pods */,
				CB7DAB4DA8C06FC450A0C2F8 /* Frameworks */,
			);
			sourceTree = "<group>";
		};
		1F2AF1C0261D1E3F00B56C33 /* Products */ = {
			isa = PBXGroup;
			children = (
				1F2AF1BF261D1E3F00B56C33 /* GiphyGo.app */,
			);
			name = Products;
			sourceTree = "<group>";
		};
		1F2AF1C1261D1E3F00B56C33 /* GiphyGo */ = {
			isa = PBXGroup;
			children = (
				1F2AF1C2261D1E3F00B56C33 /* AppDelegate.swift */,
				1F2AF1C4261D1E3F00B56C33 /* SceneDelegate.swift */,
				1F2AF1C8261D1E3F00B56C33 /* Main.storyboard */,
				1F2AF1CB261D1E4100B56C33 /* Assets.xcassets */,
				1F2AF1CD261D1E4100B56C33 /* LaunchScreen.storyboard */,
				1F2AF1D0261D1E4100B56C33 /* Info.plist */,
				1F2AF207261DF02300B56C33 /* Models */,
				1F2AF206261DEFEA00B56C33 /* Helper Classes */,
				1F2AF205261DEFD600B56C33 /* Controllers */,
				1F2AF203261DEFC700B56C33 /* Views */,
			);
			path = GiphyGo;
			sourceTree = "<group>";
		};
		1F2AF203261DEFC700B56C33 /* Views */ = {
			isa = PBXGroup;
			children = (
				1F2AF1FE261DEE2400B56C33 /* GifCollectionViewCell.swift */,
				1F2AF1FF261DEE2400B56C33 /* GifCollectionViewCell.xib */,
			);
			path = Views;
			sourceTree = "<group>";
		};
		1F2AF205261DEFD600B56C33 /* Controllers */ = {
			isa = PBXGroup;
			children = (
				1F2AF1C6261D1E3F00B56C33 /* OnBoardingScreenViewController.swift */,
				1F2AF1F5261D288300B56C33 /* CountryViewController.swift */,
				1F2AF1F8261D2B3E00B56C33 /* RatingViewController.swift */,
				1F2AF20F261DF89B00B56C33 /* FeedViewController.swift */,
			);
			path = Controllers;
			sourceTree = "<group>";
		};
		1F2AF206261DEFEA00B56C33 /* Helper Classes */ = {
			isa = PBXGroup;
			children = (
				1F2AF1E6261D24BF00B56C33 /* NetworkManager.swift */,
				1F2AF1E9261D265A00B56C33 /* CountryManager.swift */,
			);
			path = "Helper Classes";
			sourceTree = "<group>";
		};
		1F2AF207261DF02300B56C33 /* Models */ = {
			isa = PBXGroup;
			children = (
				1F2AF208261DF03B00B56C33 /* GifModel.swift */,
				1F2AF20B261DF1EF00B56C33 /* UserModel.swift */,
			);
			path = Models;
			sourceTree = "<group>";
		};
		7D357C19A91B909A3EB6CFF8 /* Pods */ = {
			isa = PBXGroup;
			children = (
				2ABA634B651E3F4D68FB8E24 /* Pods-GiphyGo.debug.xcconfig */,
				44E3FD91098F7B92E76E1A13 /* Pods-GiphyGo.release.xcconfig */,
			);
			path = Pods;
			sourceTree = "<group>";
		};
		CB7DAB4DA8C06FC450A0C2F8 /* Frameworks */ = {
			isa = PBXGroup;
			children = (
				F6740D92482929CB34DC825F /* Pods_GiphyGo.framework */,
			);
			name = Frameworks;
			sourceTree = "<group>";
		};
/* End PBXGroup section */

/* Begin PBXNativeTarget section */
		1F2AF1BE261D1E3F00B56C33 /* GiphyGo */ = {
			isa = PBXNativeTarget;
			buildConfigurationList = 1F2AF1D3261D1E4100B56C33 /* Build configuration list for PBXNativeTarget "GiphyGo" */;
			buildPhases = (
				9BC8578216CC47E97A914DAA /* [CP] Check Pods Manifest.lock */,
				1F2AF1BB261D1E3F00B56C33 /* Sources */,
				1F2AF1BC261D1E3F00B56C33 /* Frameworks */,
				1F2AF1BD261D1E3F00B56C33 /* Resources */,
				063F4BF877DBE835876A27CF /* [CP] Embed Pods Frameworks */,
			);
			buildRules = (
			);
			dependencies = (
			);
			name = GiphyGo;
			productName = GiphyGo;
			productReference = 1F2AF1BF261D1E3F00B56C33 /* GiphyGo.app */;
			productType = "com.apple.product-type.application";
		};
/* End PBXNativeTarget section */

/* Begin PBXProject section */
		1F2AF1B7261D1E3F00B56C33 /* Project object */ = {
			isa = PBXProject;
			attributes = {
				LastSwiftUpdateCheck = 1220;
				LastUpgradeCheck = 1220;
				TargetAttributes = {
					1F2AF1BE261D1E3F00B56C33 = {
						CreatedOnToolsVersion = 12.2;
					};
				};
			};
			buildConfigurationList = 1F2AF1BA261D1E3F00B56C33 /* Build configuration list for PBXProject "GiphyGo" */;
			compatibilityVersion = "Xcode 9.3";
			developmentRegion = en;
			hasScannedForEncodings = 0;
			knownRegions = (
				en,
				Base,
			);
			mainGroup = 1F2AF1B6261D1E3F00B56C33;
			productRefGroup = 1F2AF1C0261D1E3F00B56C33 /* Products */;
			projectDirPath = "";
			projectRoot = "";
			targets = (
				1F2AF1BE261D1E3F00B56C33 /* GiphyGo */,
			);
		};
/* End PBXProject section */

/* Begin PBXResourcesBuildPhase section */
		1F2AF1BD261D1E3F00B56C33 /* Resources */ = {
			isa = PBXResourcesBuildPhase;
			buildActionMask = 2147483647;
			files = (
				1F2AF1CF261D1E4100B56C33 /* LaunchScreen.storyboard in Resources */,
				1F2AF1CC261D1E4100B56C33 /* Assets.xcassets in Resources */,
				1F2AF201261DEE2400B56C33 /* GifCollectionViewCell.xib in Resources */,
				1F2AF1CA261D1E3F00B56C33 /* Main.storyboard in Resources */,
			);
			runOnlyForDeploymentPostprocessing = 0;
		};
/* End PBXResourcesBuildPhase section */

/* Begin PBXShellScriptBuildPhase section */
		063F4BF877DBE835876A27CF /* [CP] Embed Pods Frameworks */ = {
			isa = PBXShellScriptBuildPhase;
			buildActionMask = 2147483647;
			files = (
			);
			inputFileListPaths = (
				"${PODS_ROOT}/Target Support Files/Pods-GiphyGo/Pods-GiphyGo-frameworks-${CONFIGURATION}-input-files.xcfilelist",
			);
			name = "[CP] Embed Pods Frameworks";
			outputFileListPaths = (
				"${PODS_ROOT}/Target Support Files/Pods-GiphyGo/Pods-GiphyGo-frameworks-${CONFIGURATION}-output-files.xcfilelist",
			);
			runOnlyForDeploymentPostprocessing = 0;
			shellPath = /bin/sh;
			shellScript = "\"${PODS_ROOT}/Target Support Files/Pods-GiphyGo/Pods-GiphyGo-frameworks.sh\"\n";
			showEnvVarsInLog = 0;
		};
		9BC8578216CC47E97A914DAA /* [CP] Check Pods Manifest.lock */ = {
			isa = PBXShellScriptBuildPhase;
			buildActionMask = 2147483647;
			files = (
			);
			inputFileListPaths = (
			);
			inputPaths = (
				"${PODS_PODFILE_DIR_PATH}/Podfile.lock",
				"${PODS_ROOT}/Manifest.lock",
			);
			name = "[CP] Check Pods Manifest.lock";
			outputFileListPaths = (
			);
			outputPaths = (
				"$(DERIVED_FILE_DIR)/Pods-GiphyGo-checkManifestLockResult.txt",
			);
			runOnlyForDeploymentPostprocessing = 0;
			shellPath = /bin/sh;
			shellScript = "diff \"${PODS_PODFILE_DIR_PATH}/Podfile.lock\" \"${PODS_ROOT}/Manifest.lock\" > /dev/null\nif [ $? != 0 ] ; then\n    # print error to STDERR\n    echo \"error: The sandbox is not in sync with the Podfile.lock. Run 'pod install' or update your CocoaPods installation.\" >&2\n    exit 1\nfi\n# This output is used by Xcode 'outputs' to avoid re-running this script phase.\necho \"SUCCESS\" > \"${SCRIPT_OUTPUT_FILE_0}\"\n";
			showEnvVarsInLog = 0;
		};
/* End PBXShellScriptBuildPhase section */

/* Begin PBXSourcesBuildPhase section */
		1F2AF1BB261D1E3F00B56C33 /* Sources */ = {
			isa = PBXSourcesBuildPhase;
			buildActionMask = 2147483647;
			files = (
				1F2AF1E7261D24BF00B56C33 /* NetworkManager.swift in Sources */,
				1F2AF1C7261D1E3F00B56C33 /* OnBoardingScreenViewController.swift in Sources */,
				1F2AF200261DEE2400B56C33 /* GifCollectionViewCell.swift in Sources */,
				1F2AF1C3261D1E3F00B56C33 /* AppDelegate.swift in Sources */,
				1F2AF209261DF03B00B56C33 /* GifModel.swift in Sources */,
				1F2AF1F6261D288300B56C33 /* CountryViewController.swift in Sources */,
				1F2AF1EA261D265A00B56C33 /* CountryManager.swift in Sources */,
				1F2AF210261DF89B00B56C33 /* FeedViewController.swift in Sources */,
				1F2AF1C5261D1E3F00B56C33 /* SceneDelegate.swift in Sources */,
				1F2AF1F9261D2B3E00B56C33 /* RatingViewController.swift in Sources */,
				1F2AF20C261DF1EF00B56C33 /* UserModel.swift in Sources */,
			);
			runOnlyForDeploymentPostprocessing = 0;
		};
/* End PBXSourcesBuildPhase section */

/* Begin PBXVariantGroup section */
		1F2AF1C8261D1E3F00B56C33 /* Main.storyboard */ = {
			isa = PBXVariantGroup;
			children = (
				1F2AF1C9261D1E3F00B56C33 /* Base */,
			);
			name = Main.storyboard;
			sourceTree = "<group>";
		};
		1F2AF1CD261D1E4100B56C33 /* LaunchScreen.storyboard */ = {
			isa = PBXVariantGroup;
			children = (
				1F2AF1CE261D1E4100B56C33 /* Base */,
			);
			name = LaunchScreen.storyboard;
			sourceTree = "<group>";
		};
/* End PBXVariantGroup section */

/* Begin XCBuildConfiguration section */
		1F2AF1D1261D1E4100B56C33 /* Debug */ = {
			isa = XCBuildConfiguration;
			buildSettings = {
				ALWAYS_SEARCH_USER_PATHS = NO;
				CLANG_ANALYZER_NONNULL = YES;
				CLANG_ANALYZER_NUMBER_OBJECT_CONVERSION = YES_AGGRESSIVE;
				CLANG_CXX_LANGUAGE_STANDARD = "gnu++14";
				CLANG_CXX_LIBRARY = "libc++";
				CLANG_ENABLE_MODULES = YES;
				CLANG_ENABLE_OBJC_ARC = YES;
				CLANG_ENABLE_OBJC_WEAK = YES;
				CLANG_WARN_BLOCK_CAPTURE_AUTORELEASING = YES;
				CLANG_WARN_BOOL_CONVERSION = YES;
				CLANG_WARN_COMMA = YES;
				CLANG_WARN_CONSTANT_CONVERSION = YES;
				CLANG_WARN_DEPRECATED_OBJC_IMPLEMENTATIONS = YES;
				CLANG_WARN_DIRECT_OBJC_ISA_USAGE = YES_ERROR;
				CLANG_WARN_DOCUMENTATION_COMMENTS = YES;
				CLANG_WARN_EMPTY_BODY = YES;
				CLANG_WARN_ENUM_CONVERSION = YES;
				CLANG_WARN_INFINITE_RECURSION = YES;
				CLANG_WARN_INT_CONVERSION = YES;
				CLANG_WARN_NON_LITERAL_NULL_CONVERSION = YES;
				CLANG_WARN_OBJC_IMPLICIT_RETAIN_SELF = YES;
				CLANG_WARN_OBJC_LITERAL_CONVERSION = YES;
				CLANG_WARN_OBJC_ROOT_CLASS = YES_ERROR;
				CLANG_WARN_QUOTED_INCLUDE_IN_FRAMEWORK_HEADER = YES;
				CLANG_WARN_RANGE_LOOP_ANALYSIS = YES;
				CLANG_WARN_STRICT_PROTOTYPES = YES;
				CLANG_WARN_SUSPICIOUS_MOVE = YES;
				CLANG_WARN_UNGUARDED_AVAILABILITY = YES_AGGRESSIVE;
				CLANG_WARN_UNREACHABLE_CODE = YES;
				CLANG_WARN__DUPLICATE_METHOD_MATCH = YES;
				COPY_PHASE_STRIP = NO;
				DEBUG_INFORMATION_FORMAT = dwarf;
				ENABLE_STRICT_OBJC_MSGSEND = YES;
				ENABLE_TESTABILITY = YES;
				GCC_C_LANGUAGE_STANDARD = gnu11;
				GCC_DYNAMIC_NO_PIC = NO;
				GCC_NO_COMMON_BLOCKS = YES;
				GCC_OPTIMIZATION_LEVEL = 0;
				GCC_PREPROCESSOR_DEFINITIONS = (
					"DEBUG=1",
					"$(inherited)",
				);
				GCC_WARN_64_TO_32_BIT_CONVERSION = YES;
				GCC_WARN_ABOUT_RETURN_TYPE = YES_ERROR;
				GCC_WARN_UNDECLARED_SELECTOR = YES;
				GCC_WARN_UNINITIALIZED_AUTOS = YES_AGGRESSIVE;
				GCC_WARN_UNUSED_FUNCTION = YES;
				GCC_WARN_UNUSED_VARIABLE = YES;
				IPHONEOS_DEPLOYMENT_TARGET = 14.2;
				MTL_ENABLE_DEBUG_INFO = INCLUDE_SOURCE;
				MTL_FAST_MATH = YES;
				ONLY_ACTIVE_ARCH = YES;
				SDKROOT = iphoneos;
				SWIFT_ACTIVE_COMPILATION_CONDITIONS = DEBUG;
				SWIFT_OPTIMIZATION_LEVEL = "-Onone";
			};
			name = Debug;
		};
		1F2AF1D2261D1E4100B56C33 /* Release */ = {
			isa = XCBuildConfiguration;
			buildSettings = {
				ALWAYS_SEARCH_USER_PATHS = NO;
				CLANG_ANALYZER_NONNULL = YES;
				CLANG_ANALYZER_NUMBER_OBJECT_CONVERSION = YES_AGGRESSIVE;
				CLANG_CXX_LANGUAGE_STANDARD = "gnu++14";
				CLANG_CXX_LIBRARY = "libc++";
				CLANG_ENABLE_MODULES = YES;
				CLANG_ENABLE_OBJC_ARC = YES;
				CLANG_ENABLE_OBJC_WEAK = YES;
				CLANG_WARN_BLOCK_CAPTURE_AUTORELEASING = YES;
				CLANG_WARN_BOOL_CONVERSION = YES;
				CLANG_WARN_COMMA = YES;
				CLANG_WARN_CONSTANT_CONVERSION = YES;
				CLANG_WARN_DEPRECATED_OBJC_IMPLEMENTATIONS = YES;
				CLANG_WARN_DIRECT_OBJC_ISA_USAGE = YES_ERROR;
				CLANG_WARN_DOCUMENTATION_COMMENTS = YES;
				CLANG_WARN_EMPTY_BODY = YES;
				CLANG_WARN_ENUM_CONVERSION = YES;
				CLANG_WARN_INFINITE_RECURSION = YES;
				CLANG_WARN_INT_CONVERSION = YES;
				CLANG_WARN_NON_LITERAL_NULL_CONVERSION = YES;
				CLANG_WARN_OBJC_IMPLICIT_RETAIN_SELF = YES;
				CLANG_WARN_OBJC_LITERAL_CONVERSION = YES;
				CLANG_WARN_OBJC_ROOT_CLASS = YES_ERROR;
				CLANG_WARN_QUOTED_INCLUDE_IN_FRAMEWORK_HEADER = YES;
				CLANG_WARN_RANGE_LOOP_ANALYSIS = YES;
				CLANG_WARN_STRICT_PROTOTYPES = YES;
				CLANG_WARN_SUSPICIOUS_MOVE = YES;
				CLANG_WARN_UNGUARDED_AVAILABILITY = YES_AGGRESSIVE;
				CLANG_WARN_UNREACHABLE_CODE = YES;
				CLANG_WARN__DUPLICATE_METHOD_MATCH = YES;
				COPY_PHASE_STRIP = NO;
				DEBUG_INFORMATION_FORMAT = "dwarf-with-dsym";
				ENABLE_NS_ASSERTIONS = NO;
				ENABLE_STRICT_OBJC_MSGSEND = YES;
				GCC_C_LANGUAGE_STANDARD = gnu11;
				GCC_NO_COMMON_BLOCKS = YES;
				GCC_WARN_64_TO_32_BIT_CONVERSION = YES;
				GCC_WARN_ABOUT_RETURN_TYPE = YES_ERROR;
				GCC_WARN_UNDECLARED_SELECTOR = YES;
				GCC_WARN_UNINITIALIZED_AUTOS = YES_AGGRESSIVE;
				GCC_WARN_UNUSED_FUNCTION = YES;
				GCC_WARN_UNUSED_VARIABLE = YES;
				IPHONEOS_DEPLOYMENT_TARGET = 14.2;
				MTL_ENABLE_DEBUG_INFO = NO;
				MTL_FAST_MATH = YES;
				SDKROOT = iphoneos;
				SWIFT_COMPILATION_MODE = wholemodule;
				SWIFT_OPTIMIZATION_LEVEL = "-O";
				VALIDATE_PRODUCT = YES;
			};
			name = Release;
		};
		1F2AF1D4261D1E4100B56C33 /* Debug */ = {
			isa = XCBuildConfiguration;
			baseConfigurationReference = 2ABA634B651E3F4D68FB8E24 /* Pods-GiphyGo.debug.xcconfig */;
			buildSettings = {
				ASSETCATALOG_COMPILER_APPICON_NAME = AppIcon;
				ASSETCATALOG_COMPILER_GLOBAL_ACCENT_COLOR_NAME = AccentColor;
				CODE_SIGN_STYLE = Automatic;
				DEVELOPMENT_TEAM = 769Z857HPT;
				INFOPLIST_FILE = GiphyGo/Info.plist;
				LD_RUNPATH_SEARCH_PATHS = (
					"$(inherited)",
					"@executable_path/Frameworks",
				);
				PRODUCT_BUNDLE_IDENTIFIER = k.GiphyGo;
				PRODUCT_NAME = "$(TARGET_NAME)";
				SWIFT_VERSION = 5.0;
				TARGETED_DEVICE_FAMILY = "1,2";
			};
			name = Debug;
		};
		1F2AF1D5261D1E4100B56C33 /* Release */ = {
			isa = XCBuildConfiguration;
			baseConfigurationReference = 44E3FD91098F7B92E76E1A13 /* Pods-GiphyGo.release.xcconfig */;
			buildSettings = {
				ASSETCATALOG_COMPILER_APPICON_NAME = AppIcon;
				ASSETCATALOG_COMPILER_GLOBAL_ACCENT_COLOR_NAME = AccentColor;
				CODE_SIGN_STYLE = Automatic;
				DEVELOPMENT_TEAM = 769Z857HPT;
				INFOPLIST_FILE = GiphyGo/Info.plist;
				LD_RUNPATH_SEARCH_PATHS = (
					"$(inherited)",
					"@executable_path/Frameworks",
				);
				PRODUCT_BUNDLE_IDENTIFIER = k.GiphyGo;
				PRODUCT_NAME = "$(TARGET_NAME)";
				SWIFT_VERSION = 5.0;
				TARGETED_DEVICE_FAMILY = "1,2";
			};
			name = Release;
		};
/* End XCBuildConfiguration section */

/* Begin XCConfigurationList section */
		1F2AF1BA261D1E3F00B56C33 /* Build configuration list for PBXProject "GiphyGo" */ = {
			isa = XCConfigurationList;
			buildConfigurations = (
				1F2AF1D1261D1E4100B56C33 /* Debug */,
				1F2AF1D2261D1E4100B56C33 /* Release */,
			);
			defaultConfigurationIsVisible = 0;
			defaultConfigurationName = Release;
		};
		1F2AF1D3261D1E4100B56C33 /* Build configuration list for PBXNativeTarget "GiphyGo" */ = {
			isa = XCConfigurationList;
			buildConfigurations = (
				1F2AF1D4261D1E4100B56C33 /* Debug */,
				1F2AF1D5261D1E4100B56C33 /* Release */,
			);
			defaultConfigurationIsVisible = 0;
			defaultConfigurationName = Release;
		};
/* End XCConfigurationList section */
	};
	rootObject = 1F2AF1B7261D1E3F00B56C33 /* Project object */;
}
